hash: a5d92600718c8a21640106d6895f9af5baa80128183b6997b8744d5501a33820
updated: 2017-04-26T22:01:52.349941774-04:00
imports:
- name: github.com/aokoli/goutils
  version: 174f97f737d44ae9a2b687a1a2e2e6cc27c62783
- name: github.com/Masterminds/semver
  version: 59c29afe1a994eacb71c833025ca7acf874bb1da
- name: github.com/Masterminds/sprig
  version: 23597e5f6ad0e4d590e71314bfd0251a4a3cf849
- name: github.com/satori/go.uuid
  version: 879c5887cd475cd7864858769793b2ceb0d44feb
- name: golang.org/x/crypto
  version: c7af5bf2638a1164f2eb5467c39c6cffbd13a02e
  subpackages:
  - pbkdf2
  - scrypt
testImports: []
