# This file is autogenerated, do not edit; changes may be undone by the next 'dep ensure'.


[[projects]]
  name = "github.com/Masterminds/semver"
  packages = ["."]
  revision = "59c29afe1a994eacb71c833025ca7acf874bb1da"
  version = "v1.2.2"

[[projects]]
  name = "github.com/Masterminds/sprig"
  packages = ["."]
  revision = "23597e5f6ad0e4d590e71314bfd0251a4a3cf849"
  version = "2.10.0"

[[projects]]
  name = "github.com/aokoli/goutils"
  packages = ["."]
  revision = "174f97f737d44ae9a2b687a1a2e2e6cc27c62783"

[[projects]]
  name = "github.com/satori/go.uuid"
  packages = ["."]
  revision = "879c5887cd475cd7864858769793b2ceb0d44feb"
  version = "v1.1.0"

[[projects]]
  name = "golang.org/x/crypto"
  packages = [
    "pbkdf2",
    "scrypt"
  ]
  revision = "c7af5bf2638a1164f2eb5467c39c6cffbd13a02e"

[solve-meta]
  analyzer-name = "dep"
  analyzer-version = 1
  inputs-digest = "2f562c8c62cee16c7b7aa4a484a05afe14ee49905c74198eb249eeac771aedfa"
  solver-name = "gps-cdcl"
  solver-version = 1
